
Microsoft Visual Studio Solution File, Format Version 12.00
# Visual Studio Version 17
VisualStudioVersion = 17.0.31903.59
MinimumVisualStudioVersion = 10.0.40219.1
Project("{2150E333-8FDC-42A3-9474-1A3956D46DE8}") = "src", "src", "{827E0CD3-B72D-47B6-A68D-7590B98EB39B}"
EndProject
Project("{FAE04EC0-301F-11D3-BF4B-00C04F79EFBC}") = "ControleBM.API", "src\ControleBM.API\ControleBM.API.csproj", "{F0D80505-4849-42DF-AF5D-6F3065FF1BED}"
EndProject
Project("{FAE04EC0-301F-11D3-BF4B-00C04F79EFBC}") = "ControleBM.Application", "src\ControleBM.Application\ControleBM.Application.csproj", "{C487ED0E-3648-4526-9F4F-B19D306E4528}"
EndProject
Project("{FAE04EC0-301F-11D3-BF4B-00C04F79EFBC}") = "ControleBM.Domain", "src\ControleBM.Domain\ControleBM.Domain.csproj", "{003B686F-BE02-4E04-8D5B-62E968A80B83}"
EndProject
Project("{FAE04EC0-301F-11D3-BF4B-00C04F79EFBC}") = "ControleBM.Infrastructure", "src\ControleBM.Infrastructure\ControleBM.Infrastructure.csproj", "{9C03EBAA-7289-4480-98C6-D716B59B035B}"
EndProject
Project("{FAE04EC0-301F-11D3-BF4B-00C04F79EFBC}") = "ControleBM.Frontend", "src\ControleBM.Frontend\ControleBM.Frontend.csproj", "{F3494CE5-B06E-4863-9189-3D259AE45A23}"
EndProject
Global
	GlobalSection(SolutionConfigurationPlatforms) = preSolution
		Debug|Any CPU = Debug|Any CPU
		Debug|x64 = Debug|x64
		Debug|x86 = Debug|x86
		Release|Any CPU = Release|Any CPU
		Release|x64 = Release|x64
		Release|x86 = Release|x86
	EndGlobalSection
	GlobalSection(ProjectConfigurationPlatforms) = postSolution
		{F0D80505-4849-42DF-AF5D-6F3065FF1BED}.Debug|Any CPU.ActiveCfg = Debug|Any CPU
		{F0D80505-4849-42DF-AF5D-6F3065FF1BED}.Debug|Any CPU.Build.0 = Debug|Any CPU
		{F0D80505-4849-42DF-AF5D-6F3065FF1BED}.Debug|x64.ActiveCfg = Debug|Any CPU
		{F0D80505-4849-42DF-AF5D-6F3065FF1BED}.Debug|x64.Build.0 = Debug|Any CPU
		{F0D80505-4849-42DF-AF5D-6F3065FF1BED}.Debug|x86.ActiveCfg = Debug|Any CPU
		{F0D80505-4849-42DF-AF5D-6F3065FF1BED}.Debug|x86.Build.0 = Debug|Any CPU
		{F0D80505-4849-42DF-AF5D-6F3065FF1BED}.Release|Any CPU.ActiveCfg = Release|Any CPU
		{F0D80505-4849-42DF-AF5D-6F3065FF1BED}.Release|Any CPU.Build.0 = Release|Any CPU
		{F0D80505-4849-42DF-AF5D-6F3065FF1BED}.Release|x64.ActiveCfg = Release|Any CPU
		{F0D80505-4849-42DF-AF5D-6F3065FF1BED}.Release|x64.Build.0 = Release|Any CPU
		{F0D80505-4849-42DF-AF5D-6F3065FF1BED}.Release|x86.ActiveCfg = Release|Any CPU
		{F0D80505-4849-42DF-AF5D-6F3065FF1BED}.Release|x86.Build.0 = Release|Any CPU
		{C487ED0E-3648-4526-9F4F-B19D306E4528}.Debug|Any CPU.ActiveCfg = Debug|Any CPU
		{C487ED0E-3648-4526-9F4F-B19D306E4528}.Debug|Any CPU.Build.0 = Debug|Any CPU
		{C487ED0E-3648-4526-9F4F-B19D306E4528}.Debug|x64.ActiveCfg = Debug|Any CPU
		{C487ED0E-3648-4526-9F4F-B19D306E4528}.Debug|x64.Build.0 = Debug|Any CPU
		{C487ED0E-3648-4526-9F4F-B19D306E4528}.Debug|x86.ActiveCfg = Debug|Any CPU
		{C487ED0E-3648-4526-9F4F-B19D306E4528}.Debug|x86.Build.0 = Debug|Any CPU
		{C487ED0E-3648-4526-9F4F-B19D306E4528}.Release|Any CPU.ActiveCfg = Release|Any CPU
		{C487ED0E-3648-4526-9F4F-B19D306E4528}.Release|Any CPU.Build.0 = Release|Any CPU
		{C487ED0E-3648-4526-9F4F-B19D306E4528}.Release|x64.ActiveCfg = Release|Any CPU
		{C487ED0E-3648-4526-9F4F-B19D306E4528}.Release|x64.Build.0 = Release|Any CPU
		{C487ED0E-3648-4526-9F4F-B19D306E4528}.Release|x86.ActiveCfg = Release|Any CPU
		{C487ED0E-3648-4526-9F4F-B19D306E4528}.Release|x86.Build.0 = Release|Any CPU
		{003B686F-BE02-4E04-8D5B-62E968A80B83}.Debug|Any CPU.ActiveCfg = Debug|Any CPU
		{003B686F-BE02-4E04-8D5B-62E968A80B83}.Debug|Any CPU.Build.0 = Debug|Any CPU
		{003B686F-BE02-4E04-8D5B-62E968A80B83}.Debug|x64.ActiveCfg = Debug|Any CPU
		{003B686F-BE02-4E04-8D5B-62E968A80B83}.Debug|x64.Build.0 = Debug|Any CPU
		{003B686F-BE02-4E04-8D5B-62E968A80B83}.Debug|x86.ActiveCfg = Debug|Any CPU
		{003B686F-BE02-4E04-8D5B-62E968A80B83}.Debug|x86.Build.0 = Debug|Any CPU
		{003B686F-BE02-4E04-8D5B-62E968A80B83}.Release|Any CPU.ActiveCfg = Release|Any CPU
		{003B686F-BE02-4E04-8D5B-62E968A80B83}.Release|Any CPU.Build.0 = Release|Any CPU
		{003B686F-BE02-4E04-8D5B-62E968A80B83}.Release|x64.ActiveCfg = Release|Any CPU
		{003B686F-BE02-4E04-8D5B-62E968A80B83}.Release|x64.Build.0 = Release|Any CPU
		{003B686F-BE02-4E04-8D5B-62E968A80B83}.Release|x86.ActiveCfg = Release|Any CPU
		{003B686F-BE02-4E04-8D5B-62E968A80B83}.Release|x86.Build.0 = Release|Any CPU
		{9C03EBAA-7289-4480-98C6-D716B59B035B}.Debug|Any CPU.ActiveCfg = Debug|Any CPU
		{9C03EBAA-7289-4480-98C6-D716B59B035B}.Debug|Any CPU.Build.0 = Debug|Any CPU
		{9C03EBAA-7289-4480-98C6-D716B59B035B}.Debug|x64.ActiveCfg = Debug|Any CPU
		{9C03EBAA-7289-4480-98C6-D716B59B035B}.Debug|x64.Build.0 = Debug|Any CPU
		{9C03EBAA-7289-4480-98C6-D716B59B035B}.Debug|x86.ActiveCfg = Debug|Any CPU
		{9C03EBAA-7289-4480-98C6-D716B59B035B}.Debug|x86.Build.0 = Debug|Any CPU
		{9C03EBAA-7289-4480-98C6-D716B59B035B}.Release|Any CPU.ActiveCfg = Release|Any CPU
		{9C03EBAA-7289-4480-98C6-D716B59B035B}.Release|Any CPU.Build.0 = Release|Any CPU
		{9C03EBAA-7289-4480-98C6-D716B59B035B}.Release|x64.ActiveCfg = Release|Any CPU
		{9C03EBAA-7289-4480-98C6-D716B59B035B}.Release|x64.Build.0 = Release|Any CPU
		{9C03EBAA-7289-4480-98C6-D716B59B035B}.Release|x86.ActiveCfg = Release|Any CPU
		{9C03EBAA-7289-4480-98C6-D716B59B035B}.Release|x86.Build.0 = Release|Any CPU
		{F3494CE5-B06E-4863-9189-3D259AE45A23}.Debug|Any CPU.ActiveCfg = Debug|Any CPU
		{F3494CE5-B06E-4863-9189-3D259AE45A23}.Debug|Any CPU.Build.0 = Debug|Any CPU
		{F3494CE5-B06E-4863-9189-3D259AE45A23}.Debug|x64.ActiveCfg = Debug|Any CPU
		{F3494CE5-B06E-4863-9189-3D259AE45A23}.Debug|x64.Build.0 = Debug|Any CPU
		{F3494CE5-B06E-4863-9189-3D259AE45A23}.Debug|x86.ActiveCfg = Debug|Any CPU
		{F3494CE5-B06E-4863-9189-3D259AE45A23}.Debug|x86.Build.0 = Debug|Any CPU
		{F3494CE5-B06E-4863-9189-3D259AE45A23}.Release|Any CPU.ActiveCfg = Release|Any CPU
		{F3494CE5-B06E-4863-9189-3D259AE45A23}.Release|Any CPU.Build.0 = Release|Any CPU
		{F3494CE5-B06E-4863-9189-3D259AE45A23}.Release|x64.ActiveCfg = Release|Any CPU
		{F3494CE5-B06E-4863-9189-3D259AE45A23}.Release|x64.Build.0 = Release|Any CPU
		{F3494CE5-B06E-4863-9189-3D259AE45A23}.Release|x86.ActiveCfg = Release|Any CPU
		{F3494CE5-B06E-4863-9189-3D259AE45A23}.Release|x86.Build.0 = Release|Any CPU
	EndGlobalSection
	GlobalSection(SolutionProperties) = preSolution
		HideSolutionNode = FALSE
	EndGlobalSection
	GlobalSection(NestedProjects) = preSolution
		{F0D80505-4849-42DF-AF5D-6F3065FF1BED} = {827E0CD3-B72D-47B6-A68D-7590B98EB39B}
		{C487ED0E-3648-4526-9F4F-B19D306E4528} = {827E0CD3-B72D-47B6-A68D-7590B98EB39B}
		{003B686F-BE02-4E04-8D5B-62E968A80B83} = {827E0CD3-B72D-47B6-A68D-7590B98EB39B}
		{9C03EBAA-7289-4480-98C6-D716B59B035B} = {827E0CD3-B72D-47B6-A68D-7590B98EB39B}
		{F3494CE5-B06E-4863-9189-3D259AE45A23} = {827E0CD3-B72D-47B6-A68D-7590B98EB39B}
	EndGlobalSection
EndGlobal
